// !$*UTF8*$!
{
	archiveVersion = 1;
	classes = {
	};
	objectVersion = 77;
	objects = {

/* Begin PBXContainerItemProxy section */
		BB75134C2C9A21F2006AFBDF /* PBXContainerItemProxy */ = {
			isa = PBXContainerItemProxy;
			containerPortal = BB75132C2C9A21F0006AFBDF /* Project object */;
			proxyType = 1;
			remoteGlobalIDString = BB7513332C9A21F0006AFBDF;
			remoteInfo = "Weather-assignment";
		};
		BB7513562C9A21F2006AFBDF /* PBXContainerItemProxy */ = {
			isa = PBXContainerItemProxy;
			containerPortal = BB75132C2C9A21F0006AFBDF /* Project object */;
			proxyType = 1;
			remoteGlobalIDString = BB7513332C9A21F0006AFBDF;
			remoteInfo = "Weather-assignment";
		};
/* End PBXContainerItemProxy section */

/* Begin PBXFileReference section */
		BB7513342C9A21F0006AFBDF /* Weather-assignment.app */ = {isa = PBXFileReference; explicitFileType = wrapper.application; includeInIndex = 0; path = "Weather-assignment.app"; sourceTree = BUILT_PRODUCTS_DIR; };
		BB75134B2C9A21F2006AFBDF /* Weather-assignmentTests.xctest */ = {isa = PBXFileReference; explicitFileType = wrapper.cfbundle; includeInIndex = 0; path = "Weather-assignmentTests.xctest"; sourceTree = BUILT_PRODUCTS_DIR; };
		BB7513552C9A21F2006AFBDF /* Weather-assignmentUITests.xctest */ = {isa = PBXFileReference; explicitFileType = wrapper.cfbundle; includeInIndex = 0; path = "Weather-assignmentUITests.xctest"; sourceTree = BUILT_PRODUCTS_DIR; };
/* End PBXFileReference section */

/* Begin PBXFileSystemSynchronizedBuildFileExceptionSet section */
		BB75135D2C9A21F2006AFBDF /* Exceptions for "Weather-assignment" folder in "Weather-assignment" target */ = {
			isa = PBXFileSystemSynchronizedBuildFileExceptionSet;
			membershipExceptions = (
				Info.plist,
			);
			target = BB7513332C9A21F0006AFBDF /* Weather-assignment */;
		};
/* End PBXFileSystemSynchronizedBuildFileExceptionSet section */

/* Begin PBXFileSystemSynchronizedRootGroup section */
		BB7513362C9A21F0006AFBDF /* Weather-assignment */ = {
			isa = PBXFileSystemSynchronizedRootGroup;
			exceptions = (
				BB75135D2C9A21F2006AFBDF /* Exceptions for "Weather-assignment" folder in "Weather-assignment" target */,
			);
			path = "Weather-assignment";
			sourceTree = "<group>";
		};
		BB75134E2C9A21F2006AFBDF /* Weather-assignmentTests */ = {
			isa = PBXFileSystemSynchronizedRootGroup;
			path = "Weather-assignmentTests";
			sourceTree = "<group>";
		};
		BB7513582C9A21F2006AFBDF /* Weather-assignmentUITests */ = {
			isa = PBXFileSystemSynchronizedRootGroup;
			path = "Weather-assignmentUITests";
			sourceTree = "<group>";
		};
/* End PBXFileSystemSynchronizedRootGroup section */

/* Begin PBXFrameworksBuildPhase section */
		BB7513312C9A21F0006AFBDF /* Frameworks */ = {
			isa = PBXFrameworksBuildPhase;
			buildActionMask = 2147483647;
			files = (
			);
			runOnlyForDeploymentPostprocessing = 0;
		};
		BB7513482C9A21F2006AFBDF /* Frameworks */ = {
			isa = PBXFrameworksBuildPhase;
			buildActionMask = 2147483647;
			files = (
			);
			runOnlyForDeploymentPostprocessing = 0;
		};
		BB7513522C9A21F2006AFBDF /* Frameworks */ = {
			isa = PBXFrameworksBuildPhase;
			buildActionMask = 2147483647;
			files = (
			);
			runOnlyForDeploymentPostprocessing = 0;
		};
/* End PBXFrameworksBuildPhase section */

/* Begin PBXGroup section */
		BB75132B2C9A21F0006AFBDF = {
			isa = PBXGroup;
			children = (
				BB7513362C9A21F0006AFBDF /* Weather-assignment */,
				BB75134E2C9A21F2006AFBDF /* Weather-assignmentTests */,
				BB7513582C9A21F2006AFBDF /* Weather-assignmentUITests */,
				BB7513352C9A21F0006AFBDF /* Products */,
			);
			sourceTree = "<group>";
		};
		BB7513352C9A21F0006AFBDF /* Products */ = {
			isa = PBXGroup;
			children = (
				BB7513342C9A21F0006AFBDF /* Weather-assignment.app */,
				BB75134B2C9A21F2006AFBDF /* Weather-assignmentTests.xctest */,
				BB7513552C9A21F2006AFBDF /* Weather-assignmentUITests.xctest */,
			);
			name = Products;
			sourceTree = "<group>";
		};
/* End PBXGroup section */

/* Begin PBXNativeTarget section */
		BB7513332C9A21F0006AFBDF /* Weather-assignment */ = {
			isa = PBXNativeTarget;
			buildConfigurationList = BB75135E2C9A21F2006AFBDF /* Build configuration list for PBXNativeTarget "Weather-assignment" */;
			buildPhases = (
				BB7513302C9A21F0006AFBDF /* Sources */,
				BB7513312C9A21F0006AFBDF /* Frameworks */,
				BB7513322C9A21F0006AFBDF /* Resources */,
			);
			buildRules = (
			);
			dependencies = (
			);
			fileSystemSynchronizedGroups = (
				BB7513362C9A21F0006AFBDF /* Weather-assignment */,
			);
			name = "Weather-assignment";
			packageProductDependencies = (
			);
			productName = "Weather-assignment";
			productReference = BB7513342C9A21F0006AFBDF /* Weather-assignment.app */;
			productType = "com.apple.product-type.application";
		};
		BB75134A2C9A21F2006AFBDF /* Weather-assignmentTests */ = {
			isa = PBXNativeTarget;
			buildConfigurationList = BB7513632C9A21F2006AFBDF /* Build configuration list for PBXNativeTarget "Weather-assignmentTests" */;
			buildPhases = (
				BB7513472C9A21F2006AFBDF /* Sources */,
				BB7513482C9A21F2006AFBDF /* Frameworks */,
				BB7513492C9A21F2006AFBDF /* Resources */,
			);
			buildRules = (
			);
			dependencies = (
				BB75134D2C9A21F2006AFBDF /* PBXTargetDependency */,
			);
			fileSystemSynchronizedGroups = (
				BB75134E2C9A21F2006AFBDF /* Weather-assignmentTests */,
			);
			name = "Weather-assignmentTests";
			packageProductDependencies = (
			);
			productName = "Weather-assignmentTests";
			productReference = BB75134B2C9A21F2006AFBDF /* Weather-assignmentTests.xctest */;
			productType = "com.apple.product-type.bundle.unit-test";
		};
		BB7513542C9A21F2006AFBDF /* Weather-assignmentUITests */ = {
			isa = PBXNativeTarget;
			buildConfigurationList = BB7513662C9A21F2006AFBDF /* Build configuration list for PBXNativeTarget "Weather-assignmentUITests" */;
			buildPhases = (
				BB7513512C9A21F2006AFBDF /* Sources */,
				BB7513522C9A21F2006AFBDF /* Frameworks */,
				BB7513532C9A21F2006AFBDF /* Resources */,
			);
			buildRules = (
			);
			dependencies = (
				BB7513572C9A21F2006AFBDF /* PBXTargetDependency */,
			);
			fileSystemSynchronizedGroups = (
				BB7513582C9A21F2006AFBDF /* Weather-assignmentUITests */,
			);
			name = "Weather-assignmentUITests";
			packageProductDependencies = (
			);
			productName = "Weather-assignmentUITests";
			productReference = BB7513552C9A21F2006AFBDF /* Weather-assignmentUITests.xctest */;
			productType = "com.apple.product-type.bundle.ui-testing";
		};
/* End PBXNativeTarget section */

/* Begin PBXProject section */
		BB75132C2C9A21F0006AFBDF /* Project object */ = {
			isa = PBXProject;
			attributes = {
				BuildIndependentTargetsInParallel = 1;
				LastSwiftUpdateCheck = 1600;
				LastUpgradeCheck = 1600;
				TargetAttributes = {
					BB7513332C9A21F0006AFBDF = {
						CreatedOnToolsVersion = 16.0;
					};
					BB75134A2C9A21F2006AFBDF = {
						CreatedOnToolsVersion = 16.0;
						TestTargetID = BB7513332C9A21F0006AFBDF;
					};
					BB7513542C9A21F2006AFBDF = {
						CreatedOnToolsVersion = 16.0;
						TestTargetID = BB7513332C9A21F0006AFBDF;
					};
				};
			};
			buildConfigurationList = BB75132F2C9A21F0006AFBDF /* Build configuration list for PBXProject "Weather-assignment" */;
			developmentRegion = en;
			hasScannedForEncodings = 0;
			knownRegions = (
				en,
				Base,
			);
			mainGroup = BB75132B2C9A21F0006AFBDF;
			minimizedProjectReferenceProxies = 1;
			preferredProjectObjectVersion = 77;
			productRefGroup = BB7513352C9A21F0006AFBDF /* Products */;
			projectDirPath = "";
			projectRoot = "";
			targets = (
				BB7513332C9A21F0006AFBDF /* Weather-assignment */,
				BB75134A2C9A21F2006AFBDF /* Weather-assignmentTests */,
				BB7513542C9A21F2006AFBDF /* Weather-assignmentUITests */,
			);
		};
/* End PBXProject section */

/* Begin PBXResourcesBuildPhase section */
		BB7513322C9A21F0006AFBDF /* Resources */ = {
			isa = PBXResourcesBuildPhase;
			buildActionMask = 2147483647;
			files = (
			);
			runOnlyForDeploymentPostprocessing = 0;
		};
		BB7513492C9A21F2006AFBDF /* Resources */ = {
			isa = PBXResourcesBuildPhase;
			buildActionMask = 2147483647;
			files = (
			);
			runOnlyForDeploymentPostprocessing = 0;
		};
		BB7513532C9A21F2006AFBDF /* Resources */ = {
			isa = PBXResourcesBuildPhase;
			buildActionMask = 2147483647;
			files = (
			);
			runOnlyForDeploymentPostprocessing = 0;
		};
/* End PBXResourcesBuildPhase section */

/* Begin PBXSourcesBuildPhase section */
		BB7513302C9A21F0006AFBDF /* Sources */ = {
			isa = PBXSourcesBuildPhase;
			buildActionMask = 2147483647;
			files = (
			);
			runOnlyForDeploymentPostprocessing = 0;
		};
		BB7513472C9A21F2006AFBDF /* Sources */ = {
			isa = PBXSourcesBuildPhase;
			buildActionMask = 2147483647;
			files = (
			);
			runOnlyForDeploymentPostprocessing = 0;
		};
		BB7513512C9A21F2006AFBDF /* Sources */ = {
			isa = PBXSourcesBuildPhase;
			buildActionMask = 2147483647;
			files = (
			);
			runOnlyForDeploymentPostprocessing = 0;
		};
/* End PBXSourcesBuildPhase section */

/* Begin PBXTargetDependency section */
		BB75134D2C9A21F2006AFBDF /* PBXTargetDependency */ = {
			isa = PBXTargetDependency;
			target = BB7513332C9A21F0006AFBDF /* Weather-assignment */;
			targetProxy = BB75134C2C9A21F2006AFBDF /* PBXContainerItemProxy */;
		};
		BB7513572C9A21F2006AFBDF /* PBXTargetDependency */ = {
			isa = PBXTargetDependency;
			target = BB7513332C9A21F0006AFBDF /* Weather-assignment */;
			targetProxy = BB7513562C9A21F2006AFBDF /* PBXContainerItemProxy */;
		};
/* End PBXTargetDependency section */

/* Begin XCBuildConfiguration section */
		BB75135F2C9A21F2006AFBDF /* Debug */ = {
			isa = XCBuildConfiguration;
			buildSettings = {
				ASSETCATALOG_COMPILER_APPICON_NAME = AppIcon;
				ASSETCATALOG_COMPILER_GLOBAL_ACCENT_COLOR_NAME = AccentColor;
				CODE_SIGN_ENTITLEMENTS = "Weather-assignment/Weather_assignment.entitlements";
				CODE_SIGN_STYLE = Automatic;
				CURRENT_PROJECT_VERSION = 1;
				DEVELOPMENT_ASSET_PATHS = "\"Weather-assignment/Preview Content\"";
				DEVELOPMENT_TEAM = 6XB88NTXNK;
				ENABLE_PREVIEWS = YES;
				GENERATE_INFOPLIST_FILE = YES;
				INFOPLIST_FILE = "Weather-assignment/Info.plist";
				INFOPLIST_KEY_UIApplicationSceneManifest_Generation = YES;
				INFOPLIST_KEY_UIApplicationSupportsIndirectInputEvents = YES;
				INFOPLIST_KEY_UILaunchScreen_Generation = YES;
				INFOPLIST_KEY_UISupportedInterfaceOrientations_iPad = "UIInterfaceOrientationPortrait UIInterfaceOrientationPortraitUpsideDown UIInterfaceOrientationLandscapeLeft UIInterfaceOrientationLandscapeRight";
				INFOPLIST_KEY_UISupportedInterfaceOrientations_iPhone = "UIInterfaceOrientationPortrait UIInterfaceOrientationLandscapeLeft UIInterfaceOrientationLandscapeRight";
				LD_RUNPATH_SEARCH_PATHS = (
					"$(inherited)",
					"@executable_path/Frameworks",
				);
				MARKETING_VERSION = 1.0;
				PRODUCT_BUNDLE_IDENTIFIER = "na.Weather-assignment";
				PRODUCT_NAME = "$(TARGET_NAME)";
				SWIFT_EMIT_LOC_STRINGS = YES;
				SWIFT_VERSION = 5.0;
				TARGETED_DEVICE_FAMILY = "1,2";
			};
			name = Debug;
		};
		BB7513602C9A21F2006AFBDF /* Release */ = {
			isa = XCBuildConfiguration;
			buildSettings = {
				ASSETCATALOG_COMPILER_APPICON_NAME = AppIcon;
				ASSETCATALOG_COMPILER_GLOBAL_ACCENT_COLOR_NAME = AccentColor;
				CODE_SIGN_ENTITLEMENTS = "Weather-assignment/Weather_assignment.entitlements";
				CODE_SIGN_STYLE = Automatic;
				CURRENT_PROJECT_VERSION = 1;
				DEVELOPMENT_ASSET_PATHS = "\"Weather-assignment/Preview Content\"";
				DEVELOPMENT_TEAM = 6XB88NTXNK;
				ENABLE_PREVIEWS = YES;
				GENERATE_INFOPLIST_FILE = YES;
				INFOPLIST_FILE = "Weather-assignment/Info.plist";
				INFOPLIST_KEY_UIApplicationSceneManifest_Generation = YES;
				INFOPLIST_KEY_UIApplicationSupportsIndirectInputEvents = YES;
				INFOPLIST_KEY_UILaunchScreen_Generation = YES;
				INFOPLIST_KEY_UISupportedInterfaceOrientations_iPad = "UIInterfaceOrientationPortrait UIInterfaceOrientationPortraitUpsideDown UIInterfaceOrientationLandscapeLeft UIInterfaceOrientationLandscapeRight";
				INFOPLIST_KEY_UISupportedInterfaceOrientations_iPhone = "UIInterfaceOrientationPortrait UIInterfaceOrientationLandscapeLeft UIInterfaceOrientationLandscapeRight";
				LD_RUNPATH_SEARCH_PATHS = (
					"$(inherited)",
					"@executable_path/Frameworks",
				);
				MARKETING_VERSION = 1.0;
				PRODUCT_BUNDLE_IDENTIFIER = "na.Weather-assignment";
				PRODUCT_NAME = "$(TARGET_NAME)";
				SWIFT_EMIT_LOC_STRINGS = YES;
				SWIFT_VERSION = 5.0;
				TARGETED_DEVICE_FAMILY = "1,2";
			};
			name = Release;
		};
		BB7513612C9A21F2006AFBDF /* Debug */ = {
			isa = XCBuildConfiguration;
			buildSettings = {
				ALWAYS_SEARCH_USER_PATHS = NO;
				ASSETCATALOG_COMPILER_GENERATE_SWIFT_ASSET_SYMBOL_EXTENSIONS = YES;
				CLANG_ANALYZER_NONNULL = YES;
				CLANG_ANALYZER_NUMBER_OBJECT_CONVERSION = YES_AGGRESSIVE;
				CLANG_CXX_LANGUAGE_STANDARD = "gnu++20";
				CLANG_ENABLE_MODULES = YES;
				CLANG_ENABLE_OBJC_ARC = YES;
				CLANG_ENABLE_OBJC_WEAK = YES;
				CLANG_WARN_BLOCK_CAPTURE_AUTORELEASING = YES;
				CLANG_WARN_BOOL_CONVERSION = YES;
				CLANG_WARN_COMMA = YES;
				CLANG_WARN_CONSTANT_CONVERSION = YES;
				CLANG_WARN_DEPRECATED_OBJC_IMPLEMENTATIONS = YES;
				CLANG_WARN_DIRECT_OBJC_ISA_USAGE = YES_ERROR;
				CLANG_WARN_DOCUMENTATION_COMMENTS = YES;
				CLANG_WARN_EMPTY_BODY = YES;
				CLANG_WARN_ENUM_CONVERSION = YES;
				CLANG_WARN_INFINITE_RECURSION = YES;
				CLANG_WARN_INT_CONVERSION = YES;
				CLANG_WARN_NON_LITERAL_NULL_CONVERSION = YES;
				CLANG_WARN_OBJC_IMPLICIT_RETAIN_SELF = YES;
				CLANG_WARN_OBJC_LITERAL_CONVERSION = YES;
				CLANG_WARN_OBJC_ROOT_CLASS = YES_ERROR;
				CLANG_WARN_QUOTED_INCLUDE_IN_FRAMEWORK_HEADER = YES;
				CLANG_WARN_RANGE_LOOP_ANALYSIS = YES;
				CLANG_WARN_STRICT_PROTOTYPES = YES;
				CLANG_WARN_SUSPICIOUS_MOVE = YES;
				CLANG_WARN_UNGUARDED_AVAILABILITY = YES_AGGRESSIVE;
				CLANG_WARN_UNREACHABLE_CODE = YES;
				CLANG_WARN__DUPLICATE_METHOD_MATCH = YES;
				COPY_PHASE_STRIP = NO;
				DEBUG_INFORMATION_FORMAT = dwarf;
				ENABLE_STRICT_OBJC_MSGSEND = YES;
				ENABLE_TESTABILITY = YES;
				ENABLE_USER_SCRIPT_SANDBOXING = YES;
				GCC_C_LANGUAGE_STANDARD = gnu17;
				GCC_DYNAMIC_NO_PIC = NO;
				GCC_NO_COMMON_BLOCKS = YES;
				GCC_OPTIMIZATION_LEVEL = 0;
				GCC_PREPROCESSOR_DEFINITIONS = (
					"DEBUG=1",
					"$(inherited)",
				);
				GCC_WARN_64_TO_32_BIT_CONVERSION = YES;
				GCC_WARN_ABOUT_RETURN_TYPE = YES_ERROR;
				GCC_WARN_UNDECLARED_SELECTOR = YES;
				GCC_WARN_UNINITIALIZED_AUTOS = YES_AGGRESSIVE;
				GCC_WARN_UNUSED_FUNCTION = YES;
				GCC_WARN_UNUSED_VARIABLE = YES;
				IPHONEOS_DEPLOYMENT_TARGET = 18.0;
				LOCALIZATION_PREFERS_STRING_CATALOGS = YES;
				MTL_ENABLE_DEBUG_INFO = INCLUDE_SOURCE;
				MTL_FAST_MATH = YES;
				ONLY_ACTIVE_ARCH = YES;
				SDKROOT = iphoneos;
				SWIFT_ACTIVE_COMPILATION_CONDITIONS = "DEBUG $(inherited)";
				SWIFT_OPTIMIZATION_LEVEL = "-Onone";
			};
			name = Debug;
		};
		BB7513622C9A21F2006AFBDF /* Release */ = {
			isa = XCBuildConfiguration;
			buildSettings = {
				ALWAYS_SEARCH_USER_PATHS = NO;
				ASSETCATALOG_COMPILER_GENERATE_SWIFT_ASSET_SYMBOL_EXTENSIONS = YES;
				CLANG_ANALYZER_NONNULL = YES;
				CLANG_ANALYZER_NUMBER_OBJECT_CONVERSION = YES_AGGRESSIVE;
				CLANG_CXX_LANGUAGE_STANDARD = "gnu++20";
				CLANG_ENABLE_MODULES = YES;
				CLANG_ENABLE_OBJC_ARC = YES;
				CLANG_ENABLE_OBJC_WEAK = YES;
				CLANG_WARN_BLOCK_CAPTURE_AUTORELEASING = YES;
				CLANG_WARN_BOOL_CONVERSION = YES;
				CLANG_WARN_COMMA = YES;
				CLANG_WARN_CONSTANT_CONVERSION = YES;
				CLANG_WARN_DEPRECATED_OBJC_IMPLEMENTATIONS = YES;
				CLANG_WARN_DIRECT_OBJC_ISA_USAGE = YES_ERROR;
				CLANG_WARN_DOCUMENTATION_COMMENTS = YES;
				CLANG_WARN_EMPTY_BODY = YES;
				CLANG_WARN_ENUM_CONVERSION = YES;
				CLANG_WARN_INFINITE_RECURSION = YES;
				CLANG_WARN_INT_CONVERSION = YES;
				CLANG_WARN_NON_LITERAL_NULL_CONVERSION = YES;
				CLANG_WARN_OBJC_IMPLICIT_RETAIN_SELF = YES;
				CLANG_WARN_OBJC_LITERAL_CONVERSION = YES;
				CLANG_WARN_OBJC_ROOT_CLASS = YES_ERROR;
				CLANG_WARN_QUOTED_INCLUDE_IN_FRAMEWORK_HEADER = YES;
				CLANG_WARN_RANGE_LOOP_ANALYSIS = YES;
				CLANG_WARN_STRICT_PROTOTYPES = YES;
				CLANG_WARN_SUSPICIOUS_MOVE = YES;
				CLANG_WARN_UNGUARDED_AVAILABILITY = YES_AGGRESSIVE;
				CLANG_WARN_UNREACHABLE_CODE = YES;
				CLANG_WARN__DUPLICATE_METHOD_MATCH = YES;
				COPY_PHASE_STRIP = NO;
				DEBUG_INFORMATION_FORMAT = "dwarf-with-dsym";
				ENABLE_NS_ASSERTIONS = NO;
				ENABLE_STRICT_OBJC_MSGSEND = YES;
				ENABLE_USER_SCRIPT_SANDBOXING = YES;
				GCC_C_LANGUAGE_STANDARD = gnu17;
				GCC_NO_COMMON_BLOCKS = YES;
				GCC_WARN_64_TO_32_BIT_CONVERSION = YES;
				GCC_WARN_ABOUT_RETURN_TYPE = YES_ERROR;
				GCC_WARN_UNDECLARED_SELECTOR = YES;
				GCC_WARN_UNINITIALIZED_AUTOS = YES_AGGRESSIVE;
				GCC_WARN_UNUSED_FUNCTION = YES;
				GCC_WARN_UNUSED_VARIABLE = YES;
				IPHONEOS_DEPLOYMENT_TARGET = 18.0;
				LOCALIZATION_PREFERS_STRING_CATALOGS = YES;
				MTL_ENABLE_DEBUG_INFO = NO;
				MTL_FAST_MATH = YES;
				SDKROOT = iphoneos;
				SWIFT_COMPILATION_MODE = wholemodule;
				VALIDATE_PRODUCT = YES;
			};
			name = Release;
		};
		BB7513642C9A21F2006AFBDF /* Debug */ = {
			isa = XCBuildConfiguration;
			buildSettings = {
				BUNDLE_LOADER = "$(TEST_HOST)";
				CODE_SIGN_STYLE = Automatic;
				CURRENT_PROJECT_VERSION = 1;
				DEVELOPMENT_TEAM = 6XB88NTXNK;
				GENERATE_INFOPLIST_FILE = YES;
				IPHONEOS_DEPLOYMENT_TARGET = 18.0;
				MARKETING_VERSION = 1.0;
				PRODUCT_BUNDLE_IDENTIFIER = "na.Weather-assignmentTests";
				PRODUCT_NAME = "$(TARGET_NAME)";
				SWIFT_EMIT_LOC_STRINGS = NO;
				SWIFT_VERSION = 5.0;
				TARGETED_DEVICE_FAMILY = "1,2";
				TEST_HOST = "$(BUILT_PRODUCTS_DIR)/Weather-assignment.app/$(BUNDLE_EXECUTABLE_FOLDER_PATH)/Weather-assignment";
			};
			name = Debug;
		};
		BB7513652C9A21F2006AFBDF /* Release */ = {
			isa = XCBuildConfiguration;
			buildSettings = {
				BUNDLE_LOADER = "$(TEST_HOST)";
				CODE_SIGN_STYLE = Automatic;
				CURRENT_PROJECT_VERSION = 1;
				DEVELOPMENT_TEAM = 6XB88NTXNK;
				GENERATE_INFOPLIST_FILE = YES;
				IPHONEOS_DEPLOYMENT_TARGET = 18.0;
				MARKETING_VERSION = 1.0;
				PRODUCT_BUNDLE_IDENTIFIER = "na.Weather-assignmentTests";
				PRODUCT_NAME = "$(TARGET_NAME)";
				SWIFT_EMIT_LOC_STRINGS = NO;
				SWIFT_VERSION = 5.0;
				TARGETED_DEVICE_FAMILY = "1,2";
				TEST_HOST = "$(BUILT_PRODUCTS_DIR)/Weather-assignment.app/$(BUNDLE_EXECUTABLE_FOLDER_PATH)/Weather-assignment";
			};
			name = Release;
		};
		BB7513672C9A21F2006AFBDF /* Debug */ = {
			isa = XCBuildConfiguration;
			buildSettings = {
				CODE_SIGN_STYLE = Automatic;
				CURRENT_PROJECT_VERSION = 1;
				DEVELOPMENT_TEAM = 6XB88NTXNK;
				GENERATE_INFOPLIST_FILE = YES;
				MARKETING_VERSION = 1.0;
				PRODUCT_BUNDLE_IDENTIFIER = "na.Weather-assignmentUITests";
				PRODUCT_NAME = "$(TARGET_NAME)";
				SWIFT_EMIT_LOC_STRINGS = NO;
				SWIFT_VERSION = 5.0;
				TARGETED_DEVICE_FAMILY = "1,2";
				TEST_TARGET_NAME = "Weather-assignment";
			};
			name = Debug;
		};
		BB7513682C9A21F2006AFBDF /* Release */ = {
			isa = XCBuildConfiguration;
			buildSettings = {
				CODE_SIGN_STYLE = Automatic;
				CURRENT_PROJECT_VERSION = 1;
				DEVELOPMENT_TEAM = 6XB88NTXNK;
				GENERATE_INFOPLIST_FILE = YES;
				MARKETING_VERSION = 1.0;
				PRODUCT_BUNDLE_IDENTIFIER = "na.Weather-assignmentUITests";
				PRODUCT_NAME = "$(TARGET_NAME)";
				SWIFT_EMIT_LOC_STRINGS = NO;
				SWIFT_VERSION = 5.0;
				TARGETED_DEVICE_FAMILY = "1,2";
				TEST_TARGET_NAME = "Weather-assignment";
			};
			name = Release;
		};
/* End XCBuildConfiguration section */

/* Begin XCConfigurationList section */
		BB75132F2C9A21F0006AFBDF /* Build configuration list for PBXProject "Weather-assignment" */ = {
			isa = XCConfigurationList;
			buildConfigurations = (
				BB7513612C9A21F2006AFBDF /* Debug */,
				BB7513622C9A21F2006AFBDF /* Release */,
			);
			defaultConfigurationIsVisible = 0;
			defaultConfigurationName = Release;
		};
		BB75135E2C9A21F2006AFBDF /* Build configuration list for PBXNativeTarget "Weather-assignment" */ = {
			isa = XCConfigurationList;
			buildConfigurations = (
				BB75135F2C9A21F2006AFBDF /* Debug */,
				BB7513602C9A21F2006AFBDF /* Release */,
			);
			defaultConfigurationIsVisible = 0;
			defaultConfigurationName = Release;
		};
		BB7513632C9A21F2006AFBDF /* Build configuration list for PBXNativeTarget "Weather-assignmentTests" */ = {
			isa = XCConfigurationList;
			buildConfigurations = (
				BB7513642C9A21F2006AFBDF /* Debug */,
				BB7513652C9A21F2006AFBDF /* Release */,
			);
			defaultConfigurationIsVisible = 0;
			defaultConfigurationName = Release;
		};
		BB7513662C9A21F2006AFBDF /* Build configuration list for PBXNativeTarget "Weather-assignmentUITests" */ = {
			isa = XCConfigurationList;
			buildConfigurations = (
				BB7513672C9A21F2006AFBDF /* Debug */,
				BB7513682C9A21F2006AFBDF /* Release */,
			);
			defaultConfigurationIsVisible = 0;
			defaultConfigurationName = Release;
		};
/* End XCConfigurationList section */
	};
	rootObject = BB75132C2C9A21F0006AFBDF /* Project object */;
}
